<?xml version="1.0" encoding="utf-8"?>
<Project ToolsVersion="4.0" xmlns="http://schemas.microsoft.com/developer/msbuild/2003">
  <ItemGroup>
    <Filter Include="Source Files">
      <UniqueIdentifier>{4FC737F1-C7A5-4376-A066-2A32D752A2FF}</UniqueIdentifier>
      <Extensions>cpp;c;cc;cxx;def;odl;idl;hpj;bat;asm;asmx</Extensions>
    </Filter>
    <Filter Include="Header Files">
      <UniqueIdentifier>{93995380-89BD-4b04-88EB-625FBE52EBFB}</UniqueIdentifier>
      <Extensions>h;hh;hpp;hxx;hm;inl;inc;xsd</Extensions>
    </Filter>
    <Filter Include="Resource Files">
      <UniqueIdentifier>{67DA6AB6-F800-4c08-8B7A-83BB121AAD01}</UniqueIdentifier>
      <Extensions>rc;ico;cur;bmp;dlg;rc2;rct;bin;rgs;gif;jpg;jpeg;jpe;resx;tiff;tif;png;wav;mfcribbon-ms</Extensions>
    </Filter>
    <Filter Include="Header Files\Menus">
      <UniqueIdentifier>{228280fa-b554-4e38-a178-a3f015994a1d}</UniqueIdentifier>
    </Filter>
    <Filter Include="Source Files\Menus">
      <UniqueIdentifier>{783968a5-2120-46ad-b621-0b5c76288f2b}</UniqueIdentifier>
    </Filter>
    <Filter Include="Header Files\Actions">
      <UniqueIdentifier>{3d9dcf23-b8a9-4816-9558-73b5b6a64d5a}</UniqueIdentifier>
    </Filter>
    <Filter Include="Source Files\Actions">
      <UniqueIdentifier>{29c6ef4d-bf87-4ca7-9891-c72b2b4981d6}</UniqueIdentifier>
    </Filter>
  </ItemGroup>
  <ItemGroup>
    <ClInclude Include="__vm\.Sketch1.vsarduino.h">
      <Filter>Header Files</Filter>
    </ClInclude>
    <ClInclude Include="Tempereuse.h">
      <Filter>Header Files</Filter>
    </ClInclude>
    <ClInclude Include="baseMenu.h">
      <Filter>Header Files\Menus</Filter>
    </ClInclude>
    <ClInclude Include="Menu.h">
      <Filter>Header Files\Menus</Filter>
    </ClInclude>
    <ClInclude Include="Menu3Float.h">
      <Filter>Header Files\Menus</Filter>
    </ClInclude>
    <ClInclude Include="MenuFloat.h">
      <Filter>Header Files\Menus</Filter>
    </ClInclude>
    <ClInclude Include="Action.h">
      <Filter>Header Files\Actions</Filter>
    </ClInclude>
    <ClInclude Include="MenuFloatEdit.h">
      <Filter>Header Files</Filter>
    </ClInclude>
    <ClInclude Include="MenuIntEdit.h">
      <Filter>Header Files</Filter>
    </ClInclude>
    <ClInclude Include="Recette.h">
      <Filter>Header Files</Filter>
    </ClInclude>
  </ItemGroup>
  <ItemGroup>
    <ClCompile Include="baseMenu.cpp">
      <Filter>Source Files</Filter>
    </ClCompile>
    <ClCompile Include="Tempereuse.cpp">
      <Filter>Source Files</Filter>
    </ClCompile>
    <ClCompile Include="MenuFloat.cpp">
      <Filter>Source Files\Menus</Filter>
    </ClCompile>
    <ClCompile Include="Menu3Float.cpp">
      <Filter>Source Files\Menus</Filter>
    </ClCompile>
    <ClCompile Include="Menu.cpp">
      <Filter>Source Files\Menus</Filter>
    </ClCompile>
    <ClCompile Include="Action.cpp">
      <Filter>Source Files\Actions</Filter>
    </ClCompile>
    <ClCompile Include="MenuFloatEdit.cpp">
      <Filter>Source Files</Filter>
    </ClCompile>
    <ClCompile Include="MenuIntEdit.cpp">
      <Filter>Source Files</Filter>
    </ClCompile>
    <ClCompile Include="Recette.cpp">
      <Filter>Source Files</Filter>
    </ClCompile>
  </ItemGroup>
  <ItemGroup>
    <None Include="sketch1.ino" />
  </ItemGroup>
</Project>